
Microsoft Visual Studio Solution File, Format Version 12.00
# Visual Studio Version 16
VisualStudioVersion = 16.0.30204.135
MinimumVisualStudioVersion = 10.0.40219.1
Project("{2150E333-8FDC-42A3-9474-1A3956D46DE8}") = "Applications", "Applications", "{44448B16-DF17-4129-A4A3-71A942BAE6EA}"
EndProject
Project("{2150E333-8FDC-42A3-9474-1A3956D46DE8}") = "Frontend", "Frontend", "{B1514292-4C9B-4893-B637-A7EE68C88440}"
EndProject
Project("{2150E333-8FDC-42A3-9474-1A3956D46DE8}") = "Backend", "Backend", "{92B84CCF-0863-4AA3-BE54-AAC131DC1BA8}"
EndProject
Project("{2150E333-8FDC-42A3-9474-1A3956D46DE8}") = "Core", "Core", "{DEAEEAD2-65D9-42B2-9B58-C7F17568A0E7}"
EndProject
Project("{2150E333-8FDC-42A3-9474-1A3956D46DE8}") = "Users", "Users", "{0CDB7B18-ED05-460D-A5E8-9BBD691167D8}"
EndProject
Project("{2150E333-8FDC-42A3-9474-1A3956D46DE8}") = "Foods", "Foods", "{42BD4B61-6D59-4D2F-8B65-9766133DADCD}"
EndProject
Project("{2150E333-8FDC-42A3-9474-1A3956D46DE8}") = "Application", "Application", "{73474A89-8055-45BE-B510-B30E538F25BD}"
EndProject
Project("{2150E333-8FDC-42A3-9474-1A3956D46DE8}") = "Domain", "Domain", "{DEB7DA69-69B7-48DE-9824-6F3D573C9235}"
EndProject
Project("{2150E333-8FDC-42A3-9474-1A3956D46DE8}") = "Infrastructure", "Infrastructure", "{DF54CB2A-CB59-4843-83BE-81B6706B6309}"
EndProject
Project("{2150E333-8FDC-42A3-9474-1A3956D46DE8}") = "Common", "Common", "{C32EB875-452E-47C1-9321-F8977C1F6A60}"
EndProject
Project("{2150E333-8FDC-42A3-9474-1A3956D46DE8}") = "Domain", "Domain", "{E0C54EAA-885E-4D75-9710-2FCEF4945FFD}"
EndProject
Project("{2150E333-8FDC-42A3-9474-1A3956D46DE8}") = "Infrastructure", "Infrastructure", "{51F154FF-1BEF-4620-A685-A588F6DB732D}"
EndProject
Project("{2150E333-8FDC-42A3-9474-1A3956D46DE8}") = "CrossCutting", "CrossCutting", "{A1C7CC60-6133-44CA-BC8E-6904494D254E}"
EndProject
Project("{2150E333-8FDC-42A3-9474-1A3956D46DE8}") = "Application", "Application", "{3B3D4613-25BD-401F-A056-28D00A1FAC5F}"
EndProject
Project("{2150E333-8FDC-42A3-9474-1A3956D46DE8}") = "Domain", "Domain", "{D18B8052-9497-46BF-9328-76DAEEDFA4EC}"
EndProject
Project("{2150E333-8FDC-42A3-9474-1A3956D46DE8}") = "Infrastructure", "Infrastructure", "{DA68BEB7-30B5-4EC3-8FB1-7C0642143F7B}"
EndProject
Project("{2150E333-8FDC-42A3-9474-1A3956D46DE8}") = "NutritionalControls", "NutritionalControls", "{C367EF04-0E03-41C1-B4AD-C0DD0A667773}"
EndProject
Project("{9A19103F-16F7-4668-BE54-9A1E7A4F7556}") = "CalorieCounterApi", "CalorieCounterApi\CalorieCounterApi.csproj", "{E950480F-5D00-48A7-9E40-BB612D895605}"
EndProject
Project("{9A19103F-16F7-4668-BE54-9A1E7A4F7556}") = "CalorieCounter.CrossCutting", "CalorieCounter.CrossCutting\CalorieCounter.CrossCutting.csproj", "{334EE0E9-8C90-453C-806B-2EE3B708D315}"
EndProject
Project("{9A19103F-16F7-4668-BE54-9A1E7A4F7556}") = "CalorieCounter.CrossCutting.Logs", "CalorieCounter.CrossCutting.Logs\CalorieCounter.CrossCutting.Logs.csproj", "{6C55C43C-963F-4BB0-853F-519074CE7A84}"
EndProject
Project("{9A19103F-16F7-4668-BE54-9A1E7A4F7556}") = "CalorieCounter.CrossCutting.Transactions", "CalorieCounter.CrossCutting.Transactions\CalorieCounter.CrossCutting.Transactions.csproj", "{56812908-10B5-4E10-A963-5B3CB45C8936}"
EndProject
Project("{9A19103F-16F7-4668-BE54-9A1E7A4F7556}") = "CalorieCounter.Common.Domain", "CalorieCounter.Common.Domain\CalorieCounter.Common.Domain.csproj", "{9FC5DB55-EB51-411B-BE4C-84D343F75AB9}"
EndProject
Project("{9A19103F-16F7-4668-BE54-9A1E7A4F7556}") = "CalorieCounter.Common.Repositories.Hibernate", "CalorieCounter.Common.Repositories.Hibernate\CalorieCounter.Common.Repositories.Hibernate.csproj", "{0A5DDA23-D818-4DE5-8B41-85C4E76E0629}"
EndProject
Project("{9A19103F-16F7-4668-BE54-9A1E7A4F7556}") = "CalorieCounter.Common.IoC", "CalorieCounter.Common.IoC\CalorieCounter.Common.IoC.csproj", "{B9113B50-7FCE-4FF0-93A8-C762AAB3EFEE}"
EndProject
Project("{9A19103F-16F7-4668-BE54-9A1E7A4F7556}") = "CalorieCounter.Foods.Domain", "CalorieCounter.Foods.Domain\CalorieCounter.Foods.Domain.csproj", "{EB4FC42A-BE1E-410B-A6DC-76736C5956BC}"
EndProject
Project("{9A19103F-16F7-4668-BE54-9A1E7A4F7556}") = "CalorieCounter.Users.Application.Contract", "CalorieCounter.Users.Application.Contract\CalorieCounter.Users.Application.Contract.csproj", "{0E943A63-AD53-4F16-BF56-DA13D8BE6C25}"
EndProject
Project("{9A19103F-16F7-4668-BE54-9A1E7A4F7556}") = "CalorieCounter.Users.Application", "CalorieCounter.Users.Application\CalorieCounter.Users.Application.csproj", "{12C1C3C6-1FE2-4898-9184-0627DA280E68}"
EndProject
Project("{9A19103F-16F7-4668-BE54-9A1E7A4F7556}") = "CalorieCounter.Users.Domain", "CalorieCounter.Users.Domain\CalorieCounter.Users.Domain.csproj", "{6B51E585-B023-4119-A39C-FAE90EB61216}"
EndProject
Project("{9A19103F-16F7-4668-BE54-9A1E7A4F7556}") = "CalorieCounter.Users.Repositories.NHibernate", "CalorieCounter.Users.Repositories.NHibernate\CalorieCounter.Users.Repositories.NHibernate.csproj", "{1BA273E7-8601-4E4B-981D-8AB3F7E6FB91}"
EndProject
Project("{9A19103F-16F7-4668-BE54-9A1E7A4F7556}") = "CalorieCounter.Common.NHibernateConfiguration", "CalorieCounter.Common.NHibernateConfiguration\CalorieCounter.Common.NHibernateConfiguration.csproj", "{4E0F07DD-4382-426F-A379-BD09D20CC6FB}"
EndProject
Project("{9A19103F-16F7-4668-BE54-9A1E7A4F7556}") = "CalorieCounter.Users.IoC", "CalorieCounter.Users.IoC\CalorieCounter.Users.IoC.csproj", "{523C6792-A11C-4CF2-A967-AE862C0835F0}"
EndProject
Project("{9A19103F-16F7-4668-BE54-9A1E7A4F7556}") = "CalorieCounter.Common.Adapters.NetCore", "CalorieCounter.Common.Adapters.NetCore\CalorieCounter.Common.Adapters.NetCore.csproj", "{2CE7D67D-70B5-42E9-A54D-DBD4130E125A}"
EndProject
Project("{9A19103F-16F7-4668-BE54-9A1E7A4F7556}") = "CalorieCounter", "CalorieCounter\CalorieCounter.csproj", "{9D869E5D-2624-4564-8C8A-613742E06E28}"
EndProject
Project("{FAE04EC0-301F-11D3-BF4B-00C04F79EFBC}") = "CalorieCounter.Common.Adapters.NetCore.Tests", "CalorieCounter.Common.Adapters.NetCore.Tests\CalorieCounter.Common.Adapters.NetCore.Tests.csproj", "{CE459369-5219-47CF-94E7-911A6498A6E2}"
EndProject
Global
	GlobalSection(SolutionConfigurationPlatforms) = preSolution
		Debug|Any CPU = Debug|Any CPU
		Release|Any CPU = Release|Any CPU
	EndGlobalSection
	GlobalSection(ProjectConfigurationPlatforms) = postSolution
		{E950480F-5D00-48A7-9E40-BB612D895605}.Debug|Any CPU.ActiveCfg = Debug|Any CPU
		{E950480F-5D00-48A7-9E40-BB612D895605}.Debug|Any CPU.Build.0 = Debug|Any CPU
		{E950480F-5D00-48A7-9E40-BB612D895605}.Release|Any CPU.ActiveCfg = Release|Any CPU
		{E950480F-5D00-48A7-9E40-BB612D895605}.Release|Any CPU.Build.0 = Release|Any CPU
		{334EE0E9-8C90-453C-806B-2EE3B708D315}.Debug|Any CPU.ActiveCfg = Debug|Any CPU
		{334EE0E9-8C90-453C-806B-2EE3B708D315}.Debug|Any CPU.Build.0 = Debug|Any CPU
		{334EE0E9-8C90-453C-806B-2EE3B708D315}.Release|Any CPU.ActiveCfg = Release|Any CPU
		{334EE0E9-8C90-453C-806B-2EE3B708D315}.Release|Any CPU.Build.0 = Release|Any CPU
		{6C55C43C-963F-4BB0-853F-519074CE7A84}.Debug|Any CPU.ActiveCfg = Debug|Any CPU
		{6C55C43C-963F-4BB0-853F-519074CE7A84}.Debug|Any CPU.Build.0 = Debug|Any CPU
		{6C55C43C-963F-4BB0-853F-519074CE7A84}.Release|Any CPU.ActiveCfg = Release|Any CPU
		{6C55C43C-963F-4BB0-853F-519074CE7A84}.Release|Any CPU.Build.0 = Release|Any CPU
		{56812908-10B5-4E10-A963-5B3CB45C8936}.Debug|Any CPU.ActiveCfg = Debug|Any CPU
		{56812908-10B5-4E10-A963-5B3CB45C8936}.Debug|Any CPU.Build.0 = Debug|Any CPU
		{56812908-10B5-4E10-A963-5B3CB45C8936}.Release|Any CPU.ActiveCfg = Release|Any CPU
		{56812908-10B5-4E10-A963-5B3CB45C8936}.Release|Any CPU.Build.0 = Release|Any CPU
		{9FC5DB55-EB51-411B-BE4C-84D343F75AB9}.Debug|Any CPU.ActiveCfg = Debug|Any CPU
		{9FC5DB55-EB51-411B-BE4C-84D343F75AB9}.Debug|Any CPU.Build.0 = Debug|Any CPU
		{9FC5DB55-EB51-411B-BE4C-84D343F75AB9}.Release|Any CPU.ActiveCfg = Release|Any CPU
		{9FC5DB55-EB51-411B-BE4C-84D343F75AB9}.Release|Any CPU.Build.0 = Release|Any CPU
		{0A5DDA23-D818-4DE5-8B41-85C4E76E0629}.Debug|Any CPU.ActiveCfg = Debug|Any CPU
		{0A5DDA23-D818-4DE5-8B41-85C4E76E0629}.Debug|Any CPU.Build.0 = Debug|Any CPU
		{0A5DDA23-D818-4DE5-8B41-85C4E76E0629}.Release|Any CPU.ActiveCfg = Release|Any CPU
		{0A5DDA23-D818-4DE5-8B41-85C4E76E0629}.Release|Any CPU.Build.0 = Release|Any CPU
		{B9113B50-7FCE-4FF0-93A8-C762AAB3EFEE}.Debug|Any CPU.ActiveCfg = Debug|Any CPU
		{B9113B50-7FCE-4FF0-93A8-C762AAB3EFEE}.Debug|Any CPU.Build.0 = Debug|Any CPU
		{B9113B50-7FCE-4FF0-93A8-C762AAB3EFEE}.Release|Any CPU.ActiveCfg = Release|Any CPU
		{B9113B50-7FCE-4FF0-93A8-C762AAB3EFEE}.Release|Any CPU.Build.0 = Release|Any CPU
		{EB4FC42A-BE1E-410B-A6DC-76736C5956BC}.Debug|Any CPU.ActiveCfg = Debug|Any CPU
		{EB4FC42A-BE1E-410B-A6DC-76736C5956BC}.Debug|Any CPU.Build.0 = Debug|Any CPU
		{EB4FC42A-BE1E-410B-A6DC-76736C5956BC}.Release|Any CPU.ActiveCfg = Release|Any CPU
		{EB4FC42A-BE1E-410B-A6DC-76736C5956BC}.Release|Any CPU.Build.0 = Release|Any CPU
		{0E943A63-AD53-4F16-BF56-DA13D8BE6C25}.Debug|Any CPU.ActiveCfg = Debug|Any CPU
		{0E943A63-AD53-4F16-BF56-DA13D8BE6C25}.Debug|Any CPU.Build.0 = Debug|Any CPU
		{0E943A63-AD53-4F16-BF56-DA13D8BE6C25}.Release|Any CPU.ActiveCfg = Release|Any CPU
		{0E943A63-AD53-4F16-BF56-DA13D8BE6C25}.Release|Any CPU.Build.0 = Release|Any CPU
		{12C1C3C6-1FE2-4898-9184-0627DA280E68}.Debug|Any CPU.ActiveCfg = Debug|Any CPU
		{12C1C3C6-1FE2-4898-9184-0627DA280E68}.Debug|Any CPU.Build.0 = Debug|Any CPU
		{12C1C3C6-1FE2-4898-9184-0627DA280E68}.Release|Any CPU.ActiveCfg = Release|Any CPU
		{12C1C3C6-1FE2-4898-9184-0627DA280E68}.Release|Any CPU.Build.0 = Release|Any CPU
		{6B51E585-B023-4119-A39C-FAE90EB61216}.Debug|Any CPU.ActiveCfg = Debug|Any CPU
		{6B51E585-B023-4119-A39C-FAE90EB61216}.Debug|Any CPU.Build.0 = Debug|Any CPU
		{6B51E585-B023-4119-A39C-FAE90EB61216}.Release|Any CPU.ActiveCfg = Release|Any CPU
		{6B51E585-B023-4119-A39C-FAE90EB61216}.Release|Any CPU.Build.0 = Release|Any CPU
		{1BA273E7-8601-4E4B-981D-8AB3F7E6FB91}.Debug|Any CPU.ActiveCfg = Debug|Any CPU
		{1BA273E7-8601-4E4B-981D-8AB3F7E6FB91}.Debug|Any CPU.Build.0 = Debug|Any CPU
		{1BA273E7-8601-4E4B-981D-8AB3F7E6FB91}.Release|Any CPU.ActiveCfg = Release|Any CPU
		{1BA273E7-8601-4E4B-981D-8AB3F7E6FB91}.Release|Any CPU.Build.0 = Release|Any CPU
		{4E0F07DD-4382-426F-A379-BD09D20CC6FB}.Debug|Any CPU.ActiveCfg = Debug|Any CPU
		{4E0F07DD-4382-426F-A379-BD09D20CC6FB}.Debug|Any CPU.Build.0 = Debug|Any CPU
		{4E0F07DD-4382-426F-A379-BD09D20CC6FB}.Release|Any CPU.ActiveCfg = Release|Any CPU
		{4E0F07DD-4382-426F-A379-BD09D20CC6FB}.Release|Any CPU.Build.0 = Release|Any CPU
		{523C6792-A11C-4CF2-A967-AE862C0835F0}.Debug|Any CPU.ActiveCfg = Debug|Any CPU
		{523C6792-A11C-4CF2-A967-AE862C0835F0}.Debug|Any CPU.Build.0 = Debug|Any CPU
		{523C6792-A11C-4CF2-A967-AE862C0835F0}.Release|Any CPU.ActiveCfg = Release|Any CPU
		{523C6792-A11C-4CF2-A967-AE862C0835F0}.Release|Any CPU.Build.0 = Release|Any CPU
		{2CE7D67D-70B5-42E9-A54D-DBD4130E125A}.Debug|Any CPU.ActiveCfg = Debug|Any CPU
		{2CE7D67D-70B5-42E9-A54D-DBD4130E125A}.Debug|Any CPU.Build.0 = Debug|Any CPU
		{2CE7D67D-70B5-42E9-A54D-DBD4130E125A}.Release|Any CPU.ActiveCfg = Release|Any CPU
		{2CE7D67D-70B5-42E9-A54D-DBD4130E125A}.Release|Any CPU.Build.0 = Release|Any CPU
		{9D869E5D-2624-4564-8C8A-613742E06E28}.Debug|Any CPU.ActiveCfg = Debug|Any CPU
		{9D869E5D-2624-4564-8C8A-613742E06E28}.Debug|Any CPU.Build.0 = Debug|Any CPU
		{9D869E5D-2624-4564-8C8A-613742E06E28}.Release|Any CPU.ActiveCfg = Release|Any CPU
		{9D869E5D-2624-4564-8C8A-613742E06E28}.Release|Any CPU.Build.0 = Release|Any CPU
		{CE459369-5219-47CF-94E7-911A6498A6E2}.Debug|Any CPU.ActiveCfg = Debug|Any CPU
		{CE459369-5219-47CF-94E7-911A6498A6E2}.Debug|Any CPU.Build.0 = Debug|Any CPU
		{CE459369-5219-47CF-94E7-911A6498A6E2}.Release|Any CPU.ActiveCfg = Release|Any CPU
		{CE459369-5219-47CF-94E7-911A6498A6E2}.Release|Any CPU.Build.0 = Release|Any CPU
	EndGlobalSection
	GlobalSection(SolutionProperties) = preSolution
		HideSolutionNode = FALSE
	EndGlobalSection
	GlobalSection(NestedProjects) = preSolution
		{B1514292-4C9B-4893-B637-A7EE68C88440} = {44448B16-DF17-4129-A4A3-71A942BAE6EA}
		{92B84CCF-0863-4AA3-BE54-AAC131DC1BA8} = {44448B16-DF17-4129-A4A3-71A942BAE6EA}
		{0CDB7B18-ED05-460D-A5E8-9BBD691167D8} = {DEAEEAD2-65D9-42B2-9B58-C7F17568A0E7}
		{42BD4B61-6D59-4D2F-8B65-9766133DADCD} = {DEAEEAD2-65D9-42B2-9B58-C7F17568A0E7}
		{73474A89-8055-45BE-B510-B30E538F25BD} = {0CDB7B18-ED05-460D-A5E8-9BBD691167D8}
		{DEB7DA69-69B7-48DE-9824-6F3D573C9235} = {0CDB7B18-ED05-460D-A5E8-9BBD691167D8}
		{DF54CB2A-CB59-4843-83BE-81B6706B6309} = {0CDB7B18-ED05-460D-A5E8-9BBD691167D8}
		{C32EB875-452E-47C1-9321-F8977C1F6A60} = {DEAEEAD2-65D9-42B2-9B58-C7F17568A0E7}
		{E0C54EAA-885E-4D75-9710-2FCEF4945FFD} = {C32EB875-452E-47C1-9321-F8977C1F6A60}
		{51F154FF-1BEF-4620-A685-A588F6DB732D} = {C32EB875-452E-47C1-9321-F8977C1F6A60}
		{A1C7CC60-6133-44CA-BC8E-6904494D254E} = {C32EB875-452E-47C1-9321-F8977C1F6A60}
		{3B3D4613-25BD-401F-A056-28D00A1FAC5F} = {42BD4B61-6D59-4D2F-8B65-9766133DADCD}
		{D18B8052-9497-46BF-9328-76DAEEDFA4EC} = {42BD4B61-6D59-4D2F-8B65-9766133DADCD}
		{DA68BEB7-30B5-4EC3-8FB1-7C0642143F7B} = {42BD4B61-6D59-4D2F-8B65-9766133DADCD}
		{C367EF04-0E03-41C1-B4AD-C0DD0A667773} = {DEAEEAD2-65D9-42B2-9B58-C7F17568A0E7}
		{E950480F-5D00-48A7-9E40-BB612D895605} = {92B84CCF-0863-4AA3-BE54-AAC131DC1BA8}
		{334EE0E9-8C90-453C-806B-2EE3B708D315} = {A1C7CC60-6133-44CA-BC8E-6904494D254E}
		{6C55C43C-963F-4BB0-853F-519074CE7A84} = {A1C7CC60-6133-44CA-BC8E-6904494D254E}
		{56812908-10B5-4E10-A963-5B3CB45C8936} = {A1C7CC60-6133-44CA-BC8E-6904494D254E}
		{9FC5DB55-EB51-411B-BE4C-84D343F75AB9} = {E0C54EAA-885E-4D75-9710-2FCEF4945FFD}
		{0A5DDA23-D818-4DE5-8B41-85C4E76E0629} = {51F154FF-1BEF-4620-A685-A588F6DB732D}
		{B9113B50-7FCE-4FF0-93A8-C762AAB3EFEE} = {51F154FF-1BEF-4620-A685-A588F6DB732D}
		{EB4FC42A-BE1E-410B-A6DC-76736C5956BC} = {D18B8052-9497-46BF-9328-76DAEEDFA4EC}
		{0E943A63-AD53-4F16-BF56-DA13D8BE6C25} = {73474A89-8055-45BE-B510-B30E538F25BD}
		{12C1C3C6-1FE2-4898-9184-0627DA280E68} = {73474A89-8055-45BE-B510-B30E538F25BD}
		{6B51E585-B023-4119-A39C-FAE90EB61216} = {DEB7DA69-69B7-48DE-9824-6F3D573C9235}
		{1BA273E7-8601-4E4B-981D-8AB3F7E6FB91} = {DF54CB2A-CB59-4843-83BE-81B6706B6309}
		{4E0F07DD-4382-426F-A379-BD09D20CC6FB} = {51F154FF-1BEF-4620-A685-A588F6DB732D}
		{523C6792-A11C-4CF2-A967-AE862C0835F0} = {DF54CB2A-CB59-4843-83BE-81B6706B6309}
		{2CE7D67D-70B5-42E9-A54D-DBD4130E125A} = {51F154FF-1BEF-4620-A685-A588F6DB732D}
		{9D869E5D-2624-4564-8C8A-613742E06E28} = {B1514292-4C9B-4893-B637-A7EE68C88440}
		{CE459369-5219-47CF-94E7-911A6498A6E2} = {51F154FF-1BEF-4620-A685-A588F6DB732D}
	EndGlobalSection
	GlobalSection(ExtensibilityGlobals) = postSolution
		SolutionGuid = {FF5B35B5-F142-45A6-B2E8-C59B5F18A023}
	EndGlobalSection
EndGlobal
