
Microsoft Visual Studio Solution File, Format Version 12.00
# Visual Studio Version 16
VisualStudioVersion = 16.0.30204.135
MinimumVisualStudioVersion = 10.0.40219.1
Project("{FAE04EC0-301F-11D3-BF4B-00C04F79EFBC}") = "CaloriesCounter", "CaloriesCounter\CaloriesCounter.csproj", "{7454C1DB-00E4-4262-B2B1-3F8AF156AF70}"
EndProject
Project("{2150E333-8FDC-42A3-9474-1A3956D46DE8}") = "Applications", "Applications", "{44448B16-DF17-4129-A4A3-71A942BAE6EA}"
EndProject
Project("{2150E333-8FDC-42A3-9474-1A3956D46DE8}") = "Frontend", "Frontend", "{B1514292-4C9B-4893-B637-A7EE68C88440}"
EndProject
Project("{2150E333-8FDC-42A3-9474-1A3956D46DE8}") = "Backend", "Backend", "{92B84CCF-0863-4AA3-BE54-AAC131DC1BA8}"
EndProject
Project("{FAE04EC0-301F-11D3-BF4B-00C04F79EFBC}") = "CaloriesCounterApi", "CaloriesCounterApi\CaloriesCounterApi.csproj", "{1DA1C454-FF61-4989-B358-E1944AF2DFF2}"
EndProject
Project("{2150E333-8FDC-42A3-9474-1A3956D46DE8}") = "Core", "Core", "{DEAEEAD2-65D9-42B2-9B58-C7F17568A0E7}"
EndProject
Project("{2150E333-8FDC-42A3-9474-1A3956D46DE8}") = "Users", "Users", "{0CDB7B18-ED05-460D-A5E8-9BBD691167D8}"
EndProject
Project("{2150E333-8FDC-42A3-9474-1A3956D46DE8}") = "Foods", "Foods", "{42BD4B61-6D59-4D2F-8B65-9766133DADCD}"
EndProject
Project("{FAE04EC0-301F-11D3-BF4B-00C04F79EFBC}") = "CaloriesCounter.Users.Application.Contract", "CaloriesCounter.Users.Application.Contract\CaloriesCounter.Users.Application.Contract.csproj", "{253A89DC-AE14-4BEB-BD0E-FC0CC5C9B4EB}"
EndProject
Project("{2150E333-8FDC-42A3-9474-1A3956D46DE8}") = "Application", "Application", "{73474A89-8055-45BE-B510-B30E538F25BD}"
EndProject
Project("{2150E333-8FDC-42A3-9474-1A3956D46DE8}") = "Domain", "Domain", "{DEB7DA69-69B7-48DE-9824-6F3D573C9235}"
EndProject
Project("{2150E333-8FDC-42A3-9474-1A3956D46DE8}") = "Infrastructure", "Infrastructure", "{DF54CB2A-CB59-4843-83BE-81B6706B6309}"
EndProject
Project("{2150E333-8FDC-42A3-9474-1A3956D46DE8}") = "Common", "Common", "{C32EB875-452E-47C1-9321-F8977C1F6A60}"
EndProject
Project("{FAE04EC0-301F-11D3-BF4B-00C04F79EFBC}") = "CaloriesCounter.Users.Application", "CaloriesCounter.Users.Application\CaloriesCounter.Users.Application.csproj", "{F542D8B5-33BC-4D14-9CE2-75B9E0999715}"
EndProject
Project("{FAE04EC0-301F-11D3-BF4B-00C04F79EFBC}") = "CaloriesCounter.Users.Domain", "CaloriesCounter.Users.Domain\CaloriesCounter.Users.Domain.csproj", "{DD1D2849-93CA-4332-B3FD-128B2CC0AC62}"
EndProject
Project("{2150E333-8FDC-42A3-9474-1A3956D46DE8}") = "Domain", "Domain", "{E0C54EAA-885E-4D75-9710-2FCEF4945FFD}"
EndProject
Project("{FAE04EC0-301F-11D3-BF4B-00C04F79EFBC}") = "CaloriesCounter.Common.Domain", "CaloriesCounter.Common.Domain\CaloriesCounter.Common.Domain.csproj", "{30B41A30-534B-4F4A-BFD8-3587688D0A85}"
EndProject
Project("{2150E333-8FDC-42A3-9474-1A3956D46DE8}") = "Infrastructure", "Infrastructure", "{51F154FF-1BEF-4620-A685-A588F6DB732D}"
EndProject
Project("{FAE04EC0-301F-11D3-BF4B-00C04F79EFBC}") = "CaloriesCounter.Common.IoC", "CaloriesCounter.Common.IoC\CaloriesCounter.Common.IoC.csproj", "{7EB54214-F54F-47FB-8C28-05E5E83708A9}"
EndProject
Project("{2150E333-8FDC-42A3-9474-1A3956D46DE8}") = "CrossCutting", "CrossCutting", "{A1C7CC60-6133-44CA-BC8E-6904494D254E}"
EndProject
Project("{FAE04EC0-301F-11D3-BF4B-00C04F79EFBC}") = "CaloriesCounter.CrossCutting", "CaloriesCounter.CrossCutting\CaloriesCounter.CrossCutting.csproj", "{B289CBCD-C104-4083-800C-A4A3BD038CFC}"
EndProject
Project("{FAE04EC0-301F-11D3-BF4B-00C04F79EFBC}") = "CaloriesCounter.CrossCutting.Logs", "CaloriesCounter.CrossCutting.Logs\CaloriesCounter.CrossCutting.Logs.csproj", "{9122D6E8-9728-42CE-BC29-1AFC84880EED}"
EndProject
Project("{FAE04EC0-301F-11D3-BF4B-00C04F79EFBC}") = "CaloriesCounter.CrossCutting.Transactions", "CaloriesCounter.CrossCutting.Transactions\CaloriesCounter.CrossCutting.Transactions.csproj", "{2606C966-E341-4AA8-9BD6-145B79F4B250}"
EndProject
Project("{FAE04EC0-301F-11D3-BF4B-00C04F79EFBC}") = "CaloriesCounter.Common.Infrastructure.Repositories.Hibernate", "CaloriesCounter.Common.Infrastructure.Repositories.Hibernate\CaloriesCounter.Common.Infrastructure.Repositories.Hibernate.csproj", "{541C5BD5-6A24-476E-8CFE-3394604EC479}"
EndProject
Global
	GlobalSection(SolutionConfigurationPlatforms) = preSolution
		Debug|Any CPU = Debug|Any CPU
		Release|Any CPU = Release|Any CPU
	EndGlobalSection
	GlobalSection(ProjectConfigurationPlatforms) = postSolution
		{7454C1DB-00E4-4262-B2B1-3F8AF156AF70}.Debug|Any CPU.ActiveCfg = Debug|Any CPU
		{7454C1DB-00E4-4262-B2B1-3F8AF156AF70}.Debug|Any CPU.Build.0 = Debug|Any CPU
		{7454C1DB-00E4-4262-B2B1-3F8AF156AF70}.Release|Any CPU.ActiveCfg = Release|Any CPU
		{7454C1DB-00E4-4262-B2B1-3F8AF156AF70}.Release|Any CPU.Build.0 = Release|Any CPU
		{1DA1C454-FF61-4989-B358-E1944AF2DFF2}.Debug|Any CPU.ActiveCfg = Debug|Any CPU
		{1DA1C454-FF61-4989-B358-E1944AF2DFF2}.Debug|Any CPU.Build.0 = Debug|Any CPU
		{1DA1C454-FF61-4989-B358-E1944AF2DFF2}.Release|Any CPU.ActiveCfg = Release|Any CPU
		{1DA1C454-FF61-4989-B358-E1944AF2DFF2}.Release|Any CPU.Build.0 = Release|Any CPU
		{253A89DC-AE14-4BEB-BD0E-FC0CC5C9B4EB}.Debug|Any CPU.ActiveCfg = Debug|Any CPU
		{253A89DC-AE14-4BEB-BD0E-FC0CC5C9B4EB}.Debug|Any CPU.Build.0 = Debug|Any CPU
		{253A89DC-AE14-4BEB-BD0E-FC0CC5C9B4EB}.Release|Any CPU.ActiveCfg = Release|Any CPU
		{253A89DC-AE14-4BEB-BD0E-FC0CC5C9B4EB}.Release|Any CPU.Build.0 = Release|Any CPU
		{F542D8B5-33BC-4D14-9CE2-75B9E0999715}.Debug|Any CPU.ActiveCfg = Debug|Any CPU
		{F542D8B5-33BC-4D14-9CE2-75B9E0999715}.Debug|Any CPU.Build.0 = Debug|Any CPU
		{F542D8B5-33BC-4D14-9CE2-75B9E0999715}.Release|Any CPU.ActiveCfg = Release|Any CPU
		{F542D8B5-33BC-4D14-9CE2-75B9E0999715}.Release|Any CPU.Build.0 = Release|Any CPU
		{DD1D2849-93CA-4332-B3FD-128B2CC0AC62}.Debug|Any CPU.ActiveCfg = Debug|Any CPU
		{DD1D2849-93CA-4332-B3FD-128B2CC0AC62}.Debug|Any CPU.Build.0 = Debug|Any CPU
		{DD1D2849-93CA-4332-B3FD-128B2CC0AC62}.Release|Any CPU.ActiveCfg = Release|Any CPU
		{DD1D2849-93CA-4332-B3FD-128B2CC0AC62}.Release|Any CPU.Build.0 = Release|Any CPU
		{30B41A30-534B-4F4A-BFD8-3587688D0A85}.Debug|Any CPU.ActiveCfg = Debug|Any CPU
		{30B41A30-534B-4F4A-BFD8-3587688D0A85}.Debug|Any CPU.Build.0 = Debug|Any CPU
		{30B41A30-534B-4F4A-BFD8-3587688D0A85}.Release|Any CPU.ActiveCfg = Release|Any CPU
		{30B41A30-534B-4F4A-BFD8-3587688D0A85}.Release|Any CPU.Build.0 = Release|Any CPU
		{7EB54214-F54F-47FB-8C28-05E5E83708A9}.Debug|Any CPU.ActiveCfg = Debug|Any CPU
		{7EB54214-F54F-47FB-8C28-05E5E83708A9}.Debug|Any CPU.Build.0 = Debug|Any CPU
		{7EB54214-F54F-47FB-8C28-05E5E83708A9}.Release|Any CPU.ActiveCfg = Release|Any CPU
		{7EB54214-F54F-47FB-8C28-05E5E83708A9}.Release|Any CPU.Build.0 = Release|Any CPU
		{B289CBCD-C104-4083-800C-A4A3BD038CFC}.Debug|Any CPU.ActiveCfg = Debug|Any CPU
		{B289CBCD-C104-4083-800C-A4A3BD038CFC}.Debug|Any CPU.Build.0 = Debug|Any CPU
		{B289CBCD-C104-4083-800C-A4A3BD038CFC}.Release|Any CPU.ActiveCfg = Release|Any CPU
		{B289CBCD-C104-4083-800C-A4A3BD038CFC}.Release|Any CPU.Build.0 = Release|Any CPU
		{9122D6E8-9728-42CE-BC29-1AFC84880EED}.Debug|Any CPU.ActiveCfg = Debug|Any CPU
		{9122D6E8-9728-42CE-BC29-1AFC84880EED}.Debug|Any CPU.Build.0 = Debug|Any CPU
		{9122D6E8-9728-42CE-BC29-1AFC84880EED}.Release|Any CPU.ActiveCfg = Release|Any CPU
		{9122D6E8-9728-42CE-BC29-1AFC84880EED}.Release|Any CPU.Build.0 = Release|Any CPU
		{2606C966-E341-4AA8-9BD6-145B79F4B250}.Debug|Any CPU.ActiveCfg = Debug|Any CPU
		{2606C966-E341-4AA8-9BD6-145B79F4B250}.Debug|Any CPU.Build.0 = Debug|Any CPU
		{2606C966-E341-4AA8-9BD6-145B79F4B250}.Release|Any CPU.ActiveCfg = Release|Any CPU
		{2606C966-E341-4AA8-9BD6-145B79F4B250}.Release|Any CPU.Build.0 = Release|Any CPU
		{541C5BD5-6A24-476E-8CFE-3394604EC479}.Debug|Any CPU.ActiveCfg = Debug|Any CPU
		{541C5BD5-6A24-476E-8CFE-3394604EC479}.Debug|Any CPU.Build.0 = Debug|Any CPU
		{541C5BD5-6A24-476E-8CFE-3394604EC479}.Release|Any CPU.ActiveCfg = Release|Any CPU
		{541C5BD5-6A24-476E-8CFE-3394604EC479}.Release|Any CPU.Build.0 = Release|Any CPU
	EndGlobalSection
	GlobalSection(SolutionProperties) = preSolution
		HideSolutionNode = FALSE
	EndGlobalSection
	GlobalSection(NestedProjects) = preSolution
		{7454C1DB-00E4-4262-B2B1-3F8AF156AF70} = {B1514292-4C9B-4893-B637-A7EE68C88440}
		{B1514292-4C9B-4893-B637-A7EE68C88440} = {44448B16-DF17-4129-A4A3-71A942BAE6EA}
		{92B84CCF-0863-4AA3-BE54-AAC131DC1BA8} = {44448B16-DF17-4129-A4A3-71A942BAE6EA}
		{1DA1C454-FF61-4989-B358-E1944AF2DFF2} = {92B84CCF-0863-4AA3-BE54-AAC131DC1BA8}
		{0CDB7B18-ED05-460D-A5E8-9BBD691167D8} = {DEAEEAD2-65D9-42B2-9B58-C7F17568A0E7}
		{42BD4B61-6D59-4D2F-8B65-9766133DADCD} = {DEAEEAD2-65D9-42B2-9B58-C7F17568A0E7}
		{253A89DC-AE14-4BEB-BD0E-FC0CC5C9B4EB} = {73474A89-8055-45BE-B510-B30E538F25BD}
		{73474A89-8055-45BE-B510-B30E538F25BD} = {0CDB7B18-ED05-460D-A5E8-9BBD691167D8}
		{DEB7DA69-69B7-48DE-9824-6F3D573C9235} = {0CDB7B18-ED05-460D-A5E8-9BBD691167D8}
		{DF54CB2A-CB59-4843-83BE-81B6706B6309} = {0CDB7B18-ED05-460D-A5E8-9BBD691167D8}
		{C32EB875-452E-47C1-9321-F8977C1F6A60} = {DEAEEAD2-65D9-42B2-9B58-C7F17568A0E7}
		{F542D8B5-33BC-4D14-9CE2-75B9E0999715} = {73474A89-8055-45BE-B510-B30E538F25BD}
		{DD1D2849-93CA-4332-B3FD-128B2CC0AC62} = {DEB7DA69-69B7-48DE-9824-6F3D573C9235}
		{E0C54EAA-885E-4D75-9710-2FCEF4945FFD} = {C32EB875-452E-47C1-9321-F8977C1F6A60}
		{30B41A30-534B-4F4A-BFD8-3587688D0A85} = {E0C54EAA-885E-4D75-9710-2FCEF4945FFD}
		{51F154FF-1BEF-4620-A685-A588F6DB732D} = {C32EB875-452E-47C1-9321-F8977C1F6A60}
		{7EB54214-F54F-47FB-8C28-05E5E83708A9} = {51F154FF-1BEF-4620-A685-A588F6DB732D}
		{A1C7CC60-6133-44CA-BC8E-6904494D254E} = {C32EB875-452E-47C1-9321-F8977C1F6A60}
		{B289CBCD-C104-4083-800C-A4A3BD038CFC} = {A1C7CC60-6133-44CA-BC8E-6904494D254E}
		{9122D6E8-9728-42CE-BC29-1AFC84880EED} = {A1C7CC60-6133-44CA-BC8E-6904494D254E}
		{2606C966-E341-4AA8-9BD6-145B79F4B250} = {A1C7CC60-6133-44CA-BC8E-6904494D254E}
		{541C5BD5-6A24-476E-8CFE-3394604EC479} = {51F154FF-1BEF-4620-A685-A588F6DB732D}
	EndGlobalSection
	GlobalSection(ExtensibilityGlobals) = postSolution
		SolutionGuid = {FF5B35B5-F142-45A6-B2E8-C59B5F18A023}
	EndGlobalSection
EndGlobal
